
Microsoft Visual Studio Solution File, Format Version 12.00
# Visual Studio 2012
Project("{FAE04EC0-301F-11D3-BF4B-00C04F79EFBC}") = "Programm10", "Programm10\Programm10.csproj", "{F86FF349-8C4B-4DD8-B7F7-EEEBC0C1097D}"
EndProject
Global
	GlobalSection(SolutionConfigurationPlatforms) = preSolution
		Debug|Any CPU = Debug|Any CPU
		Release|Any CPU = Release|Any CPU
	EndGlobalSection
	GlobalSection(ProjectConfigurationPlatforms) = postSolution
		{F86FF349-8C4B-4DD8-B7F7-EEEBC0C1097D}.Debug|Any CPU.ActiveCfg = Debug|Any CPU
		{F86FF349-8C4B-4DD8-B7F7-EEEBC0C1097D}.Debug|Any CPU.Build.0 = Debug|Any CPU
		{F86FF349-8C4B-4DD8-B7F7-EEEBC0C1097D}.Release|Any CPU.ActiveCfg = Release|Any CPU
		{F86FF349-8C4B-4DD8-B7F7-EEEBC0C1097D}.Release|Any CPU.Build.0 = Release|Any CPU
	EndGlobalSection
	GlobalSection(SolutionProperties) = preSolution
		HideSolutionNode = FALSE
	EndGlobalSection
EndGlobal
