
Microsoft Visual Studio Solution File, Format Version 12.00
# Visual Studio 2012
Project("{FAE04EC0-301F-11D3-BF4B-00C04F79EFBC}") = "Programm 3", "Programm 3\Programm 3.csproj", "{D19B87DD-12AE-426C-BF5E-D9D3ADD8774C}"
EndProject
Global
	GlobalSection(SolutionConfigurationPlatforms) = preSolution
		Debug|Any CPU = Debug|Any CPU
		Release|Any CPU = Release|Any CPU
	EndGlobalSection
	GlobalSection(ProjectConfigurationPlatforms) = postSolution
		{D19B87DD-12AE-426C-BF5E-D9D3ADD8774C}.Debug|Any CPU.ActiveCfg = Debug|Any CPU
		{D19B87DD-12AE-426C-BF5E-D9D3ADD8774C}.Debug|Any CPU.Build.0 = Debug|Any CPU
		{D19B87DD-12AE-426C-BF5E-D9D3ADD8774C}.Release|Any CPU.ActiveCfg = Release|Any CPU
		{D19B87DD-12AE-426C-BF5E-D9D3ADD8774C}.Release|Any CPU.Build.0 = Release|Any CPU
	EndGlobalSection
	GlobalSection(SolutionProperties) = preSolution
		HideSolutionNode = FALSE
	EndGlobalSection
EndGlobal
