
Microsoft Visual Studio Solution File, Format Version 12.00
# Visual Studio 2012
Project("{FAE04EC0-301F-11D3-BF4B-00C04F79EFBC}") = "ConsoleApplication1", "ConsoleApplication1\ConsoleApplication1.csproj", "{BAFA5871-099B-4DD3-851A-D0817B5EB96E}"
EndProject
Global
	GlobalSection(SolutionConfigurationPlatforms) = preSolution
		Debug|Any CPU = Debug|Any CPU
		Release|Any CPU = Release|Any CPU
	EndGlobalSection
	GlobalSection(ProjectConfigurationPlatforms) = postSolution
		{BAFA5871-099B-4DD3-851A-D0817B5EB96E}.Debug|Any CPU.ActiveCfg = Debug|Any CPU
		{BAFA5871-099B-4DD3-851A-D0817B5EB96E}.Debug|Any CPU.Build.0 = Debug|Any CPU
		{BAFA5871-099B-4DD3-851A-D0817B5EB96E}.Release|Any CPU.ActiveCfg = Release|Any CPU
		{BAFA5871-099B-4DD3-851A-D0817B5EB96E}.Release|Any CPU.Build.0 = Release|Any CPU
	EndGlobalSection
	GlobalSection(SolutionProperties) = preSolution
		HideSolutionNode = FALSE
	EndGlobalSection
EndGlobal
