
Microsoft Visual Studio Solution File, Format Version 12.00
# Visual Studio 2012
Project("{FAE04EC0-301F-11D3-BF4B-00C04F79EFBC}") = "Programm11", "Programm11\Programm11.csproj", "{A6B0D743-394B-430A-A624-DA0B1101049E}"
EndProject
Global
	GlobalSection(SolutionConfigurationPlatforms) = preSolution
		Debug|Any CPU = Debug|Any CPU
		Release|Any CPU = Release|Any CPU
	EndGlobalSection
	GlobalSection(ProjectConfigurationPlatforms) = postSolution
		{A6B0D743-394B-430A-A624-DA0B1101049E}.Debug|Any CPU.ActiveCfg = Debug|Any CPU
		{A6B0D743-394B-430A-A624-DA0B1101049E}.Debug|Any CPU.Build.0 = Debug|Any CPU
		{A6B0D743-394B-430A-A624-DA0B1101049E}.Release|Any CPU.ActiveCfg = Release|Any CPU
		{A6B0D743-394B-430A-A624-DA0B1101049E}.Release|Any CPU.Build.0 = Release|Any CPU
	EndGlobalSection
	GlobalSection(SolutionProperties) = preSolution
		HideSolutionNode = FALSE
	EndGlobalSection
EndGlobal
