
Microsoft Visual Studio Solution File, Format Version 11.00
# Visual Studio 2010
Project("{FAE04EC0-301F-11D3-BF4B-00C04F79EFBC}") = "Student", "Student\Student.csproj", "{F59AF638-49A1-4902-85D1-68257BEDC451}"
EndProject
Global
	GlobalSection(SolutionConfigurationPlatforms) = preSolution
		Debug|x86 = Debug|x86
		Release|x86 = Release|x86
	EndGlobalSection
	GlobalSection(ProjectConfigurationPlatforms) = postSolution
		{F59AF638-49A1-4902-85D1-68257BEDC451}.Debug|x86.ActiveCfg = Debug|x86
		{F59AF638-49A1-4902-85D1-68257BEDC451}.Debug|x86.Build.0 = Debug|x86
		{F59AF638-49A1-4902-85D1-68257BEDC451}.Release|x86.ActiveCfg = Release|x86
		{F59AF638-49A1-4902-85D1-68257BEDC451}.Release|x86.Build.0 = Release|x86
	EndGlobalSection
	GlobalSection(SolutionProperties) = preSolution
		HideSolutionNode = FALSE
	EndGlobalSection
EndGlobal
